
Microsoft Visual Studio Solution File, Format Version 12.00
# Visual Studio 14
VisualStudioVersion = 14.0.25123.0
MinimumVisualStudioVersion = 10.0.40219.1
Project("{FAE04EC0-301F-11D3-BF4B-00C04F79EFBC}") = "Tankbattle.CSharp", "Tankbattle.CSharp.csproj", "{1FB5D6A1-2ACC-BB3E-86B2-E9C896400EFE}"
EndProject
Project("{FAE04EC0-301F-11D3-BF4B-00C04F79EFBC}") = "Tankbattle.CSharp.Editor", "Tankbattle.CSharp.Editor.csproj", "{CCEDB3C7-89BB-DE54-3679-5134293AEBDE}"
EndProject
Global
	GlobalSection(SolutionConfigurationPlatforms) = preSolution
		Debug|Any CPU = Debug|Any CPU
		Release|Any CPU = Release|Any CPU
	EndGlobalSection
	GlobalSection(ProjectConfigurationPlatforms) = postSolution
		{1FB5D6A1-2ACC-BB3E-86B2-E9C896400EFE}.Debug|Any CPU.ActiveCfg = Debug|Any CPU
		{1FB5D6A1-2ACC-BB3E-86B2-E9C896400EFE}.Debug|Any CPU.Build.0 = Debug|Any CPU
		{1FB5D6A1-2ACC-BB3E-86B2-E9C896400EFE}.Release|Any CPU.ActiveCfg = Release|Any CPU
		{1FB5D6A1-2ACC-BB3E-86B2-E9C896400EFE}.Release|Any CPU.Build.0 = Release|Any CPU
		{CCEDB3C7-89BB-DE54-3679-5134293AEBDE}.Debug|Any CPU.ActiveCfg = Debug|Any CPU
		{CCEDB3C7-89BB-DE54-3679-5134293AEBDE}.Debug|Any CPU.Build.0 = Debug|Any CPU
		{CCEDB3C7-89BB-DE54-3679-5134293AEBDE}.Release|Any CPU.ActiveCfg = Release|Any CPU
		{CCEDB3C7-89BB-DE54-3679-5134293AEBDE}.Release|Any CPU.Build.0 = Release|Any CPU
	EndGlobalSection
	GlobalSection(SolutionProperties) = preSolution
		HideSolutionNode = FALSE
	EndGlobalSection
EndGlobal
