
Microsoft Visual Studio Solution File, Format Version 12.00
# Visual Studio 14
VisualStudioVersion = 14.0.25420.1
MinimumVisualStudioVersion = 10.0.40219.1
Project("{FAE04EC0-301F-11D3-BF4B-00C04F79EFBC}") = "TileMapUtils", "TileMapUtils\TileMapUtils.csproj", "{3F895228-BA45-4351-B1A4-2857C0F1B196}"
EndProject
Project("{FAE04EC0-301F-11D3-BF4B-00C04F79EFBC}") = "Tankbattle", "Tankbattle.csproj", "{CAD97AA4-C703-467B-BEAF-FA5A0C8EA753}"
EndProject
Global
	GlobalSection(SolutionConfigurationPlatforms) = preSolution
		Debug|Any CPU = Debug|Any CPU
		Release|Any CPU = Release|Any CPU
	EndGlobalSection
	GlobalSection(ProjectConfigurationPlatforms) = postSolution
		{3F895228-BA45-4351-B1A4-2857C0F1B196}.Debug|Any CPU.ActiveCfg = Debug|Any CPU
		{3F895228-BA45-4351-B1A4-2857C0F1B196}.Debug|Any CPU.Build.0 = Debug|Any CPU
		{3F895228-BA45-4351-B1A4-2857C0F1B196}.Release|Any CPU.ActiveCfg = Release|Any CPU
		{3F895228-BA45-4351-B1A4-2857C0F1B196}.Release|Any CPU.Build.0 = Release|Any CPU
		{CAD97AA4-C703-467B-BEAF-FA5A0C8EA753}.Debug|Any CPU.ActiveCfg = Debug|Any CPU
		{CAD97AA4-C703-467B-BEAF-FA5A0C8EA753}.Debug|Any CPU.Build.0 = Debug|Any CPU
		{CAD97AA4-C703-467B-BEAF-FA5A0C8EA753}.Release|Any CPU.ActiveCfg = Release|Any CPU
		{CAD97AA4-C703-467B-BEAF-FA5A0C8EA753}.Release|Any CPU.Build.0 = Release|Any CPU
	EndGlobalSection
	GlobalSection(SolutionProperties) = preSolution
		HideSolutionNode = FALSE
	EndGlobalSection
EndGlobal
